{
  "name": "backbone",
  "version": "1.0.0",
  "lockfileVersion": 3,
  "requires": true,
  "packages": {
    "": {
      "name": "backbone",
      "version": "1.0.0",
      "license": "ISC",
      "dependencies": {
        "backbone": "^1.6.0",
        "backbone-relational": "^0.10.0",
        "flatted": "^3.3.1"
      }
    },
    "node_modules/backbone": {
      "version": "1.6.0",
      "resolved": "https://registry.npmjs.org/backbone/-/backbone-1.6.0.tgz",
      "integrity": "sha512-13PUjmsgw/49EowNcQvfG4gmczz1ximTMhUktj0Jfrjth0MVaTxehpU+qYYX4MxnuIuhmvBLC6/ayxuAGnOhbA==",
      "dependencies": {
        "underscore": ">=1.8.3"
      }
    },
    "node_modules/backbone-relational": {
      "version": "0.10.0",
      "resolved": "https://registry.npmjs.org/backbone-relational/-/backbone-relational-0.10.0.tgz",
      "integrity": "sha512-g770F1c89e6LDaah4GaN/auh4HHjumPMFBkaNeZEEJGZA+0dh5pLFgXyb45iaxcDoa2VBWWgwdd2ZnqozyPeiw==",
      "dependencies": {
        "backbone": ">=1.2.1",
        "underscore": ">=1.7.0"
      }
    },
    "node_modules/flatted": {
      "version": "3.3.1",
      "resolved": "https://registry.npmjs.org/flatted/-/flatted-3.3.1.tgz",
      "integrity": "sha512-X8cqMLLie7KsNUDSdzeN8FYK9rEt4Dt67OsG/DNGnYTSDBG4uFAJFBnUeiV+zCVAvwFy56IjM9sH51jVaEhNxw=="
    },
    "node_modules/underscore": {
      "version": "1.13.6",
      "resolved": "https://registry.npmjs.org/underscore/-/underscore-1.13.6.tgz",
      "integrity": "sha512-+A5Sja4HP1M08MaXya7p5LvjuM7K6q/2EaC0+iovj/wOcMsTzMvDFbasi/oSapiwOlt252IqsKqPjCl7huKS0A=="
    }
  }
}
